
Microsoft Visual Studio Solution File, Format Version 12.00
# Visual Studio Version 17
VisualStudioVersion = 17.0.31919.166
MinimumVisualStudioVersion = 10.0.40219.1
Project("{FAE04EC0-301F-11D3-BF4B-00C04F79EFBC}") = "ProjetoElevador", "ProjetoElevador\ProjetoElevador.csproj", "{5AEBDFDA-168D-4E0A-9C79-9F2F4058E59E}"
EndProject
Global
	GlobalSection(SolutionConfigurationPlatforms) = preSolution
		Debug|Any CPU = Debug|Any CPU
		Release|Any CPU = Release|Any CPU
	EndGlobalSection
	GlobalSection(ProjectConfigurationPlatforms) = postSolution
		{5AEBDFDA-168D-4E0A-9C79-9F2F4058E59E}.Debug|Any CPU.ActiveCfg = Debug|Any CPU
		{5AEBDFDA-168D-4E0A-9C79-9F2F4058E59E}.Debug|Any CPU.Build.0 = Debug|Any CPU
		{5AEBDFDA-168D-4E0A-9C79-9F2F4058E59E}.Release|Any CPU.ActiveCfg = Release|Any CPU
		{5AEBDFDA-168D-4E0A-9C79-9F2F4058E59E}.Release|Any CPU.Build.0 = Release|Any CPU
	EndGlobalSection
	GlobalSection(SolutionProperties) = preSolution
		HideSolutionNode = FALSE
	EndGlobalSection
	GlobalSection(ExtensibilityGlobals) = postSolution
		SolutionGuid = {7E75A7F3-E407-4573-8740-A799AD1BC834}
	EndGlobalSection
EndGlobal
